
Microsoft Visual Studio Solution File, Format Version 12.00
# Visual Studio Version 16
VisualStudioVersion = 16.0.31729.503
MinimumVisualStudioVersion = 10.0.40219.1
Project("{FAE04EC0-301F-11D3-BF4B-00C04F79EFBC}") = "dz6", "dz6\dz6.csproj", "{356BFE67-1862-4D85-97BF-B5CD14A7D15E}"
EndProject
Global
	GlobalSection(SolutionConfigurationPlatforms) = preSolution
		Debug|Any CPU = Debug|Any CPU
		Release|Any CPU = Release|Any CPU
	EndGlobalSection
	GlobalSection(ProjectConfigurationPlatforms) = postSolution
		{356BFE67-1862-4D85-97BF-B5CD14A7D15E}.Debug|Any CPU.ActiveCfg = Debug|Any CPU
		{356BFE67-1862-4D85-97BF-B5CD14A7D15E}.Debug|Any CPU.Build.0 = Debug|Any CPU
		{356BFE67-1862-4D85-97BF-B5CD14A7D15E}.Release|Any CPU.ActiveCfg = Release|Any CPU
		{356BFE67-1862-4D85-97BF-B5CD14A7D15E}.Release|Any CPU.Build.0 = Release|Any CPU
	EndGlobalSection
	GlobalSection(SolutionProperties) = preSolution
		HideSolutionNode = FALSE
	EndGlobalSection
	GlobalSection(ExtensibilityGlobals) = postSolution
		SolutionGuid = {4F398EB6-35CF-4102-8A53-451394B8FEDE}
	EndGlobalSection
EndGlobal
